
Microsoft Visual Studio Solution File, Format Version 12.00
# Visual Studio Version 17
VisualStudioVersion = 17.5.33516.290
MinimumVisualStudioVersion = 10.0.40219.1
Project("{FAE04EC0-301F-11D3-BF4B-00C04F79EFBC}") = "FilmesApi", "FilmesApi.csproj", "{AE926DBF-EFD7-4639-843B-7E4BA59A189F}"
EndProject
Global
	GlobalSection(SolutionConfigurationPlatforms) = preSolution
		Debug|Any CPU = Debug|Any CPU
		Release|Any CPU = Release|Any CPU
	EndGlobalSection
	GlobalSection(ProjectConfigurationPlatforms) = postSolution
		{AE926DBF-EFD7-4639-843B-7E4BA59A189F}.Debug|Any CPU.ActiveCfg = Debug|Any CPU
		{AE926DBF-EFD7-4639-843B-7E4BA59A189F}.Debug|Any CPU.Build.0 = Debug|Any CPU
		{AE926DBF-EFD7-4639-843B-7E4BA59A189F}.Release|Any CPU.ActiveCfg = Release|Any CPU
		{AE926DBF-EFD7-4639-843B-7E4BA59A189F}.Release|Any CPU.Build.0 = Release|Any CPU
	EndGlobalSection
	GlobalSection(SolutionProperties) = preSolution
		HideSolutionNode = FALSE
	EndGlobalSection
	GlobalSection(ExtensibilityGlobals) = postSolution
		SolutionGuid = {5AAD0B3D-02A0-4404-AB27-0CF3513400B2}
	EndGlobalSection
EndGlobal
